
Microsoft Visual Studio Solution File, Format Version 12.00
# Visual Studio 15
VisualStudioVersion = 15.0.28307.421
MinimumVisualStudioVersion = 10.0.40219.1
Project("{FAE04EC0-301F-11D3-BF4B-00C04F79EFBC}") = "JerryMvc5", "JerryMvc5\JerryMvc5.csproj", "{9257A0BC-36DE-4F35-BB58-1B4C1B3B4A64}"
EndProject
Global
	GlobalSection(SolutionConfigurationPlatforms) = preSolution
		Debug|Any CPU = Debug|Any CPU
		Release|Any CPU = Release|Any CPU
	EndGlobalSection
	GlobalSection(ProjectConfigurationPlatforms) = postSolution
		{9257A0BC-36DE-4F35-BB58-1B4C1B3B4A64}.Debug|Any CPU.ActiveCfg = Debug|Any CPU
		{9257A0BC-36DE-4F35-BB58-1B4C1B3B4A64}.Debug|Any CPU.Build.0 = Debug|Any CPU
		{9257A0BC-36DE-4F35-BB58-1B4C1B3B4A64}.Release|Any CPU.ActiveCfg = Release|Any CPU
		{9257A0BC-36DE-4F35-BB58-1B4C1B3B4A64}.Release|Any CPU.Build.0 = Release|Any CPU
	EndGlobalSection
	GlobalSection(SolutionProperties) = preSolution
		HideSolutionNode = FALSE
	EndGlobalSection
	GlobalSection(ExtensibilityGlobals) = postSolution
		SolutionGuid = {6094CFB8-6A8F-4D67-8A1F-10EB550B6E9F}
	EndGlobalSection
EndGlobal
